// !$*UTF8*$!
{
	archiveVersion = 1;
	classes = {
	};
	objectVersion = 46;
	objects = {

/* Begin PBXBuildFile section */
		1A2CB1F41F3910F70060FDEA /* main.m in Sources */ = {isa = PBXBuildFile; fileRef = 1A2CB1F31F3910F70060FDEA /* main.m */; };
		1A2CB1F71F3910F70060FDEA /* AppDelegate.m in Sources */ = {isa = PBXBuildFile; fileRef = 1A2CB1F61F3910F70060FDEA /* AppDelegate.m */; };
		1A2CB1FD1F3910F70060FDEA /* Main.storyboard in Resources */ = {isa = PBXBuildFile; fileRef = 1A2CB1FB1F3910F70060FDEA /* Main.storyboard */; };
		1A2CB1FF1F3910F70060FDEA /* Assets.xcassets in Resources */ = {isa = PBXBuildFile; fileRef = 1A2CB1FE1F3910F70060FDEA /* Assets.xcassets */; };
		1A2CB2021F3910F70060FDEA /* LaunchScreen.storyboard in Resources */ = {isa = PBXBuildFile; fileRef = 1A2CB2001F3910F70060FDEA /* LaunchScreen.storyboard */; };
		1A2CB20E1F39183D0060FDEA /* NetworkTools.m in Sources */ = {isa = PBXBuildFile; fileRef = 1A2CB20D1F39183D0060FDEA /* NetworkTools.m */; };
		1A2CB2111F391A020060FDEA /* TextHighTools.m in Sources */ = {isa = PBXBuildFile; fileRef = 1A2CB2101F391A020060FDEA /* TextHighTools.m */; };
		3634B8781F3AB46200194774 /* LoginViewController.m in Sources */ = {isa = PBXBuildFile; fileRef = 3634B8771F3AB46200194774 /* LoginViewController.m */; };
		3634B87C1F3AD7B200194774 /* GenoryModel.m in Sources */ = {isa = PBXBuildFile; fileRef = 3634B87B1F3AD7B200194774 /* GenoryModel.m */; };
		3634B87F1F3AD7DA00194774 /* DetailModel.m in Sources */ = {isa = PBXBuildFile; fileRef = 3634B87E1F3AD7DA00194774 /* DetailModel.m */; };
		3634B8831F3AE78800194774 /* HomeViewController.m in Sources */ = {isa = PBXBuildFile; fileRef = 3634B8821F3AE78800194774 /* HomeViewController.m */; };
		3634B8871F3AE96800194774 /* GenoryTableViewCell.m in Sources */ = {isa = PBXBuildFile; fileRef = 3634B8861F3AE96800194774 /* GenoryTableViewCell.m */; };
		3634B88A1F3AF23A00194774 /* GlobalStaticValues.m in Sources */ = {isa = PBXBuildFile; fileRef = 3634B8891F3AF23A00194774 /* GlobalStaticValues.m */; };
		3634B88D1F3B0CC400194774 /* HOMEVC.m in Sources */ = {isa = PBXBuildFile; fileRef = 3634B88C1F3B0CC400194774 /* HOMEVC.m */; };
		3634B8911F3C4D5E00194774 /* FirstViewController.m in Sources */ = {isa = PBXBuildFile; fileRef = 3634B8901F3C4D5E00194774 /* FirstViewController.m */; };
		3634B8941F3C4D6600194774 /* SecondViewController.m in Sources */ = {isa = PBXBuildFile; fileRef = 3634B8931F3C4D6600194774 /* SecondViewController.m */; };
		3634B8971F3C4D6D00194774 /* ThirdViewController.m in Sources */ = {isa = PBXBuildFile; fileRef = 3634B8961F3C4D6D00194774 /* ThirdViewController.m */; };
		3634B89A1F3C4D7700194774 /* FourthViewController.m in Sources */ = {isa = PBXBuildFile; fileRef = 3634B8991F3C4D7700194774 /* FourthViewController.m */; };
		3634B89D1F3C4D8100194774 /* FivthViewController.m in Sources */ = {isa = PBXBuildFile; fileRef = 3634B89C1F3C4D8100194774 /* FivthViewController.m */; };
		3634B8A01F3C4D9900194774 /* SixthViewController.m in Sources */ = {isa = PBXBuildFile; fileRef = 3634B89F1F3C4D9900194774 /* SixthViewController.m */; };
		3634B8A31F3C4DAD00194774 /* SeventhViewController.m in Sources */ = {isa = PBXBuildFile; fileRef = 3634B8A21F3C4DAD00194774 /* SeventhViewController.m */; };
		3634B8A91F3C518600194774 /* HomeModel.m in Sources */ = {isa = PBXBuildFile; fileRef = 3634B8A81F3C518600194774 /* HomeModel.m */; };
		DA261D5FBFF7DDA2520E5903 /* libPods-allkindsImages.a in Frameworks */ = {isa = PBXBuildFile; fileRef = 9F14DDF79E005CD2C1CDB391 /* libPods-allkindsImages.a */; };
/* End PBXBuildFile section */

/* Begin PBXFileReference section */
		1A2CB1EF1F3910F70060FDEA /* allkindsImages.app */ = {isa = PBXFileReference; explicitFileType = wrapper.application; includeInIndex = 0; path = allkindsImages.app; sourceTree = BUILT_PRODUCTS_DIR; };
		1A2CB1F31F3910F70060FDEA /* main.m */ = {isa = PBXFileReference; lastKnownFileType = sourcecode.c.objc; path = main.m; sourceTree = "<group>"; };
		1A2CB1F51F3910F70060FDEA /* AppDelegate.h */ = {isa = PBXFileReference; lastKnownFileType = sourcecode.c.h; path = AppDelegate.h; sourceTree = "<group>"; };
		1A2CB1F61F3910F70060FDEA /* AppDelegate.m */ = {isa = PBXFileReference; lastKnownFileType = sourcecode.c.objc; path = AppDelegate.m; sourceTree = "<group>"; };
		1A2CB1FC1F3910F70060FDEA /* Base */ = {isa = PBXFileReference; lastKnownFileType = file.storyboard; name = Base; path = Base.lproj/Main.storyboard; sourceTree = "<group>"; };
		1A2CB1FE1F3910F70060FDEA /* Assets.xcassets */ = {isa = PBXFileReference; lastKnownFileType = folder.assetcatalog; path = Assets.xcassets; sourceTree = "<group>"; };
		1A2CB2011F3910F70060FDEA /* Base */ = {isa = PBXFileReference; lastKnownFileType = file.storyboard; name = Base; path = Base.lproj/LaunchScreen.storyboard; sourceTree = "<group>"; };
		1A2CB2031F3910F70060FDEA /* Info.plist */ = {isa = PBXFileReference; lastKnownFileType = text.plist.xml; path = Info.plist; sourceTree = "<group>"; };
		1A2CB20C1F39183D0060FDEA /* NetworkTools.h */ = {isa = PBXFileReference; fileEncoding = 4; lastKnownFileType = sourcecode.c.h; path = NetworkTools.h; sourceTree = "<group>"; };
		1A2CB20D1F39183D0060FDEA /* NetworkTools.m */ = {isa = PBXFileReference; fileEncoding = 4; lastKnownFileType = sourcecode.c.objc; path = NetworkTools.m; sourceTree = "<group>"; };
		1A2CB20F1F391A020060FDEA /* TextHighTools.h */ = {isa = PBXFileReference; fileEncoding = 4; lastKnownFileType = sourcecode.c.h; path = TextHighTools.h; sourceTree = "<group>"; };
		1A2CB2101F391A020060FDEA /* TextHighTools.m */ = {isa = PBXFileReference; fileEncoding = 4; lastKnownFileType = sourcecode.c.objc; path = TextHighTools.m; sourceTree = "<group>"; };
		1A2CB2131F3964370060FDEA /* PrefixHeader.pch */ = {isa = PBXFileReference; lastKnownFileType = sourcecode.c.h; path = PrefixHeader.pch; sourceTree = "<group>"; };
		1A2CB2141F39F4280060FDEA /* CoreGraphics.framework */ = {isa = PBXFileReference; lastKnownFileType = wrapper.framework; name = CoreGraphics.framework; path = System/Library/Frameworks/CoreGraphics.framework; sourceTree = SDKROOT; };
		3634B8761F3AB46200194774 /* LoginViewController.h */ = {isa = PBXFileReference; fileEncoding = 4; lastKnownFileType = sourcecode.c.h; path = LoginViewController.h; sourceTree = "<group>"; };
		3634B8771F3AB46200194774 /* LoginViewController.m */ = {isa = PBXFileReference; fileEncoding = 4; lastKnownFileType = sourcecode.c.objc; path = LoginViewController.m; sourceTree = "<group>"; };
		3634B87A1F3AD7B200194774 /* GenoryModel.h */ = {isa = PBXFileReference; fileEncoding = 4; lastKnownFileType = sourcecode.c.h; path = GenoryModel.h; sourceTree = "<group>"; };
		3634B87B1F3AD7B200194774 /* GenoryModel.m */ = {isa = PBXFileReference; fileEncoding = 4; lastKnownFileType = sourcecode.c.objc; path = GenoryModel.m; sourceTree = "<group>"; };
		3634B87D1F3AD7DA00194774 /* DetailModel.h */ = {isa = PBXFileReference; fileEncoding = 4; lastKnownFileType = sourcecode.c.h; path = DetailModel.h; sourceTree = "<group>"; };
		3634B87E1F3AD7DA00194774 /* DetailModel.m */ = {isa = PBXFileReference; fileEncoding = 4; lastKnownFileType = sourcecode.c.objc; path = DetailModel.m; sourceTree = "<group>"; };
		3634B8811F3AE78800194774 /* HomeViewController.h */ = {isa = PBXFileReference; fileEncoding = 4; lastKnownFileType = sourcecode.c.h; path = HomeViewController.h; sourceTree = "<group>"; };
		3634B8821F3AE78800194774 /* HomeViewController.m */ = {isa = PBXFileReference; fileEncoding = 4; lastKnownFileType = sourcecode.c.objc; path = HomeViewController.m; sourceTree = "<group>"; };
		3634B8851F3AE96800194774 /* GenoryTableViewCell.h */ = {isa = PBXFileReference; fileEncoding = 4; lastKnownFileType = sourcecode.c.h; path = GenoryTableViewCell.h; sourceTree = "<group>"; };
		3634B8861F3AE96800194774 /* GenoryTableViewCell.m */ = {isa = PBXFileReference; fileEncoding = 4; lastKnownFileType = sourcecode.c.objc; path = GenoryTableViewCell.m; sourceTree = "<group>"; };
		3634B8881F3AF23A00194774 /* GlobalStaticValues.h */ = {isa = PBXFileReference; fileEncoding = 4; lastKnownFileType = sourcecode.c.h; path = GlobalStaticValues.h; sourceTree = "<group>"; };
		3634B8891F3AF23A00194774 /* GlobalStaticValues.m */ = {isa = PBXFileReference; fileEncoding = 4; lastKnownFileType = sourcecode.c.objc; path = GlobalStaticValues.m; sourceTree = "<group>"; };
		3634B88B1F3B0CC400194774 /* HOMEVC.h */ = {isa = PBXFileReference; fileEncoding = 4; lastKnownFileType = sourcecode.c.h; path = HOMEVC.h; sourceTree = "<group>"; };
		3634B88C1F3B0CC400194774 /* HOMEVC.m */ = {isa = PBXFileReference; fileEncoding = 4; lastKnownFileType = sourcecode.c.objc; path = HOMEVC.m; sourceTree = "<group>"; };
		3634B88F1F3C4D5E00194774 /* FirstViewController.h */ = {isa = PBXFileReference; fileEncoding = 4; lastKnownFileType = sourcecode.c.h; path = FirstViewController.h; sourceTree = "<group>"; };
		3634B8901F3C4D5E00194774 /* FirstViewController.m */ = {isa = PBXFileReference; fileEncoding = 4; lastKnownFileType = sourcecode.c.objc; path = FirstViewController.m; sourceTree = "<group>"; };
		3634B8921F3C4D6600194774 /* SecondViewController.h */ = {isa = PBXFileReference; fileEncoding = 4; lastKnownFileType = sourcecode.c.h; path = SecondViewController.h; sourceTree = "<group>"; };
		3634B8931F3C4D6600194774 /* SecondViewController.m */ = {isa = PBXFileReference; fileEncoding = 4; lastKnownFileType = sourcecode.c.objc; path = SecondViewController.m; sourceTree = "<group>"; };
		3634B8951F3C4D6D00194774 /* ThirdViewController.h */ = {isa = PBXFileReference; fileEncoding = 4; lastKnownFileType = sourcecode.c.h; path = ThirdViewController.h; sourceTree = "<group>"; };
		3634B8961F3C4D6D00194774 /* ThirdViewController.m */ = {isa = PBXFileReference; fileEncoding = 4; lastKnownFileType = sourcecode.c.objc; path = ThirdViewController.m; sourceTree = "<group>"; };
		3634B8981F3C4D7700194774 /* FourthViewController.h */ = {isa = PBXFileReference; fileEncoding = 4; lastKnownFileType = sourcecode.c.h; path = FourthViewController.h; sourceTree = "<group>"; };
		3634B8991F3C4D7700194774 /* FourthViewController.m */ = {isa = PBXFileReference; fileEncoding = 4; lastKnownFileType = sourcecode.c.objc; path = FourthViewController.m; sourceTree = "<group>"; };
		3634B89B1F3C4D8100194774 /* FivthViewController.h */ = {isa = PBXFileReference; fileEncoding = 4; lastKnownFileType = sourcecode.c.h; path = FivthViewController.h; sourceTree = "<group>"; };
		3634B89C1F3C4D8100194774 /* FivthViewController.m */ = {isa = PBXFileReference; fileEncoding = 4; lastKnownFileType = sourcecode.c.objc; path = FivthViewController.m; sourceTree = "<group>"; };
		3634B89E1F3C4D9900194774 /* SixthViewController.h */ = {isa = PBXFileReference; fileEncoding = 4; lastKnownFileType = sourcecode.c.h; path = SixthViewController.h; sourceTree = "<group>"; };
		3634B89F1F3C4D9900194774 /* SixthViewController.m */ = {isa = PBXFileReference; fileEncoding = 4; lastKnownFileType = sourcecode.c.objc; path = SixthViewController.m; sourceTree = "<group>"; };
		3634B8A11F3C4DAD00194774 /* SeventhViewController.h */ = {isa = PBXFileReference; fileEncoding = 4; lastKnownFileType = sourcecode.c.h; path = SeventhViewController.h; sourceTree = "<group>"; };
		3634B8A21F3C4DAD00194774 /* SeventhViewController.m */ = {isa = PBXFileReference; fileEncoding = 4; lastKnownFileType = sourcecode.c.objc; path = SeventhViewController.m; sourceTree = "<group>"; };
		3634B8A71F3C518600194774 /* HomeModel.h */ = {isa = PBXFileReference; fileEncoding = 4; lastKnownFileType = sourcecode.c.h; path = HomeModel.h; sourceTree = "<group>"; };
		3634B8A81F3C518600194774 /* HomeModel.m */ = {isa = PBXFileReference; fileEncoding = 4; lastKnownFileType = sourcecode.c.objc; path = HomeModel.m; sourceTree = "<group>"; };
		9F14DDF79E005CD2C1CDB391 /* libPods-allkindsImages.a */ = {isa = PBXFileReference; explicitFileType = archive.ar; includeInIndex = 0; path = "libPods-allkindsImages.a"; sourceTree = BUILT_PRODUCTS_DIR; };
		B76107C554CEFD9DAE4C9F94 /* Pods-allkindsImages.release.xcconfig */ = {isa = PBXFileReference; includeInIndex = 1; lastKnownFileType = text.xcconfig; name = "Pods-allkindsImages.release.xcconfig"; path = "Pods/Target Support Files/Pods-allkindsImages/Pods-allkindsImages.release.xcconfig"; sourceTree = "<group>"; };
		DF1F6B27C9ED650A44363C9C /* Pods-allkindsImages.debug.xcconfig */ = {isa = PBXFileReference; includeInIndex = 1; lastKnownFileType = text.xcconfig; name = "Pods-allkindsImages.debug.xcconfig"; path = "Pods/Target Support Files/Pods-allkindsImages/Pods-allkindsImages.debug.xcconfig"; sourceTree = "<group>"; };
/* End PBXFileReference section */

/* Begin PBXFrameworksBuildPhase section */
		1A2CB1EC1F3910F70060FDEA /* Frameworks */ = {
			isa = PBXFrameworksBuildPhase;
			buildActionMask = 2147483647;
			files = (
				DA261D5FBFF7DDA2520E5903 /* libPods-allkindsImages.a in Frameworks */,
			);
			runOnlyForDeploymentPostprocessing = 0;
		};
/* End PBXFrameworksBuildPhase section */

/* Begin PBXGroup section */
		01793412F971486B252142EF /* Frameworks */ = {
			isa = PBXGroup;
			children = (
				1A2CB2141F39F4280060FDEA /* CoreGraphics.framework */,
				9F14DDF79E005CD2C1CDB391 /* libPods-allkindsImages.a */,
			);
			name = Frameworks;
			sourceTree = "<group>";
		};
		1A2CB1E61F3910F70060FDEA = {
			isa = PBXGroup;
			children = (
				1A2CB1F11F3910F70060FDEA /* allkindsImages */,
				1A2CB1F01F3910F70060FDEA /* Products */,
				80C81FB7053F89FE14A47109 /* Pods */,
				01793412F971486B252142EF /* Frameworks */,
			);
			sourceTree = "<group>";
		};
		1A2CB1F01F3910F70060FDEA /* Products */ = {
			isa = PBXGroup;
			children = (
				1A2CB1EF1F3910F70060FDEA /* allkindsImages.app */,
			);
			name = Products;
			sourceTree = "<group>";
		};
		1A2CB1F11F3910F70060FDEA /* allkindsImages */ = {
			isa = PBXGroup;
			children = (
				1A2CB2091F3917D80060FDEA /* classes */,
				1A2CB1F21F3910F70060FDEA /* Supporting Files */,
			);
			path = allkindsImages;
			sourceTree = "<group>";
		};
		1A2CB1F21F3910F70060FDEA /* Supporting Files */ = {
			isa = PBXGroup;
			children = (
				1A2CB1F31F3910F70060FDEA /* main.m */,
			);
			name = "Supporting Files";
			sourceTree = "<group>";
		};
		1A2CB2091F3917D80060FDEA /* classes */ = {
			isa = PBXGroup;
			children = (
				3634B8801F3AE69600194774 /* VTMgic */,
				3634B8791F3AB8B000194774 /* model */,
				3634B8751F3AAEED00194774 /* login */,
				1A2CB2121F3964230060FDEA /* others */,
				1A2CB20B1F3918180060FDEA /* tools */,
				1A2CB20A1F3917FC0060FDEA /* systemfiles */,
			);
			name = classes;
			sourceTree = "<group>";
		};
		1A2CB20A1F3917FC0060FDEA /* systemfiles */ = {
			isa = PBXGroup;
			children = (
				1A2CB1F51F3910F70060FDEA /* AppDelegate.h */,
				1A2CB1F61F3910F70060FDEA /* AppDelegate.m */,
				1A2CB1FB1F3910F70060FDEA /* Main.storyboard */,
				1A2CB1FE1F3910F70060FDEA /* Assets.xcassets */,
				1A2CB2001F3910F70060FDEA /* LaunchScreen.storyboard */,
				1A2CB2031F3910F70060FDEA /* Info.plist */,
			);
			name = systemfiles;
			sourceTree = "<group>";
		};
		1A2CB20B1F3918180060FDEA /* tools */ = {
			isa = PBXGroup;
			children = (
				1A2CB20C1F39183D0060FDEA /* NetworkTools.h */,
				1A2CB20D1F39183D0060FDEA /* NetworkTools.m */,
				1A2CB20F1F391A020060FDEA /* TextHighTools.h */,
				1A2CB2101F391A020060FDEA /* TextHighTools.m */,
			);
			name = tools;
			sourceTree = "<group>";
		};
		1A2CB2121F3964230060FDEA /* others */ = {
			isa = PBXGroup;
			children = (
				1A2CB2131F3964370060FDEA /* PrefixHeader.pch */,
				3634B8881F3AF23A00194774 /* GlobalStaticValues.h */,
				3634B8891F3AF23A00194774 /* GlobalStaticValues.m */,
			);
			name = others;
			sourceTree = "<group>";
		};
		3634B8751F3AAEED00194774 /* login */ = {
			isa = PBXGroup;
			children = (
				3634B8761F3AB46200194774 /* LoginViewController.h */,
				3634B8771F3AB46200194774 /* LoginViewController.m */,
			);
			name = login;
			sourceTree = "<group>";
		};
		3634B8791F3AB8B000194774 /* model */ = {
			isa = PBXGroup;
			children = (
				3634B87D1F3AD7DA00194774 /* DetailModel.h */,
				3634B87E1F3AD7DA00194774 /* DetailModel.m */,
				3634B87A1F3AD7B200194774 /* GenoryModel.h */,
				3634B87B1F3AD7B200194774 /* GenoryModel.m */,
			);
			name = model;
			sourceTree = "<group>";
		};
		3634B8801F3AE69600194774 /* VTMgic */ = {
			isa = PBXGroup;
			children = (
				3634B8811F3AE78800194774 /* HomeViewController.h */,
				3634B8821F3AE78800194774 /* HomeViewController.m */,
				3634B88B1F3B0CC400194774 /* HOMEVC.h */,
				3634B88C1F3B0CC400194774 /* HOMEVC.m */,
				3634B88E1F3BEFCE00194774 /* DetailVC */,
			);
			name = VTMgic;
			sourceTree = "<group>";
		};
		3634B8841F3AE93D00194774 /* view */ = {
			isa = PBXGroup;
			children = (
				3634B8851F3AE96800194774 /* GenoryTableViewCell.h */,
				3634B8861F3AE96800194774 /* GenoryTableViewCell.m */,
			);
			name = view;
			sourceTree = "<group>";
		};
		3634B88E1F3BEFCE00194774 /* DetailVC */ = {
			isa = PBXGroup;
			children = (
				3634B8841F3AE93D00194774 /* view */,
				3634B8A51F3C508B00194774 /* model */,
				3634B8A41F3C507400194774 /* controller */,
			);
			name = DetailVC;
			sourceTree = "<group>";
		};
		3634B8A41F3C507400194774 /* controller */ = {
			isa = PBXGroup;
			children = (
				3634B88F1F3C4D5E00194774 /* FirstViewController.h */,
				3634B8901F3C4D5E00194774 /* FirstViewController.m */,
				3634B8921F3C4D6600194774 /* SecondViewController.h */,
				3634B8931F3C4D6600194774 /* SecondViewController.m */,
				3634B8951F3C4D6D00194774 /* ThirdViewController.h */,
				3634B8961F3C4D6D00194774 /* ThirdViewController.m */,
				3634B8981F3C4D7700194774 /* FourthViewController.h */,
				3634B8991F3C4D7700194774 /* FourthViewController.m */,
				3634B89B1F3C4D8100194774 /* FivthViewController.h */,
				3634B89C1F3C4D8100194774 /* FivthViewController.m */,
				3634B89E1F3C4D9900194774 /* SixthViewController.h */,
				3634B89F1F3C4D9900194774 /* SixthViewController.m */,
				3634B8A11F3C4DAD00194774 /* SeventhViewController.h */,
				3634B8A21F3C4DAD00194774 /* SeventhViewController.m */,
			);
			name = controller;
			sourceTree = "<group>";
		};
		3634B8A51F3C508B00194774 /* model */ = {
			isa = PBXGroup;
			children = (
				3634B8A71F3C518600194774 /* HomeModel.h */,
				3634B8A81F3C518600194774 /* HomeModel.m */,
			);
			name = model;
			sourceTree = "<group>";
		};
		80C81FB7053F89FE14A47109 /* Pods */ = {
			isa = PBXGroup;
			children = (
				DF1F6B27C9ED650A44363C9C /* Pods-allkindsImages.debug.xcconfig */,
				B76107C554CEFD9DAE4C9F94 /* Pods-allkindsImages.release.xcconfig */,
			);
			name = Pods;
			sourceTree = "<group>";
		};
/* End PBXGroup section */

/* Begin PBXNativeTarget section */
		1A2CB1EE1F3910F70060FDEA /* allkindsImages */ = {
			isa = PBXNativeTarget;
			buildConfigurationList = 1A2CB2061F3910F70060FDEA /* Build configuration list for PBXNativeTarget "allkindsImages" */;
			buildPhases = (
				C8CCDB570F3D5A11A3A899AC /* [CP] Check Pods Manifest.lock */,
				1A2CB1EB1F3910F70060FDEA /* Sources */,
				1A2CB1EC1F3910F70060FDEA /* Frameworks */,
				1A2CB1ED1F3910F70060FDEA /* Resources */,
				B36C051F8EB8CE0338970E13 /* [CP] Embed Pods Frameworks */,
				5926A131C32D0AF7C7BAE8A0 /* [CP] Copy Pods Resources */,
			);
			buildRules = (
			);
			dependencies = (
			);
			name = allkindsImages;
			productName = allkindsImages;
			productReference = 1A2CB1EF1F3910F70060FDEA /* allkindsImages.app */;
			productType = "com.apple.product-type.application";
		};
/* End PBXNativeTarget section */

/* Begin PBXProject section */
		1A2CB1E71F3910F70060FDEA /* Project object */ = {
			isa = PBXProject;
			attributes = {
				LastUpgradeCheck = 0830;
				ORGANIZATIONNAME = ljm.ynyx;
				TargetAttributes = {
					1A2CB1EE1F3910F70060FDEA = {
						CreatedOnToolsVersion = 8.3.3;
						DevelopmentTeam = W7MQ5T8GZP;
						ProvisioningStyle = Automatic;
					};
				};
			};
			buildConfigurationList = 1A2CB1EA1F3910F70060FDEA /* Build configuration list for PBXProject "allkindsImages" */;
			compatibilityVersion = "Xcode 3.2";
			developmentRegion = English;
			hasScannedForEncodings = 0;
			knownRegions = (
				en,
				Base,
			);
			mainGroup = 1A2CB1E61F3910F70060FDEA;
			productRefGroup = 1A2CB1F01F3910F70060FDEA /* Products */;
			projectDirPath = "";
			projectRoot = "";
			targets = (
				1A2CB1EE1F3910F70060FDEA /* allkindsImages */,
			);
		};
/* End PBXProject section */

/* Begin PBXResourcesBuildPhase section */
		1A2CB1ED1F3910F70060FDEA /* Resources */ = {
			isa = PBXResourcesBuildPhase;
			buildActionMask = 2147483647;
			files = (
				1A2CB2021F3910F70060FDEA /* LaunchScreen.storyboard in Resources */,
				1A2CB1FF1F3910F70060FDEA /* Assets.xcassets in Resources */,
				1A2CB1FD1F3910F70060FDEA /* Main.storyboard in Resources */,
			);
			runOnlyForDeploymentPostprocessing = 0;
		};
/* End PBXResourcesBuildPhase section */

/* Begin PBXShellScriptBuildPhase section */
		5926A131C32D0AF7C7BAE8A0 /* [CP] Copy Pods Resources */ = {
			isa = PBXShellScriptBuildPhase;
			buildActionMask = 2147483647;
			files = (
			);
			inputPaths = (
			);
			name = "[CP] Copy Pods Resources";
			outputPaths = (
			);
			runOnlyForDeploymentPostprocessing = 0;
			shellPath = /bin/sh;
			shellScript = "\"${SRCROOT}/Pods/Target Support Files/Pods-allkindsImages/Pods-allkindsImages-resources.sh\"\n";
			showEnvVarsInLog = 0;
		};
		B36C051F8EB8CE0338970E13 /* [CP] Embed Pods Frameworks */ = {
			isa = PBXShellScriptBuildPhase;
			buildActionMask = 2147483647;
			files = (
			);
			inputPaths = (
			);
			name = "[CP] Embed Pods Frameworks";
			outputPaths = (
			);
			runOnlyForDeploymentPostprocessing = 0;
			shellPath = /bin/sh;
			shellScript = "\"${SRCROOT}/Pods/Target Support Files/Pods-allkindsImages/Pods-allkindsImages-frameworks.sh\"\n";
			showEnvVarsInLog = 0;
		};
		C8CCDB570F3D5A11A3A899AC /* [CP] Check Pods Manifest.lock */ = {
			isa = PBXShellScriptBuildPhase;
			buildActionMask = 2147483647;
			files = (
			);
			inputPaths = (
			);
			name = "[CP] Check Pods Manifest.lock";
			outputPaths = (
			);
			runOnlyForDeploymentPostprocessing = 0;
			shellPath = /bin/sh;
			shellScript = "diff \"${PODS_ROOT}/../Podfile.lock\" \"${PODS_ROOT}/Manifest.lock\" > /dev/null\nif [ $? != 0 ] ; then\n    # print error to STDERR\n    echo \"error: The sandbox is not in sync with the Podfile.lock. Run 'pod install' or update your CocoaPods installation.\" >&2\n    exit 1\nfi\n";
			showEnvVarsInLog = 0;
		};
/* End PBXShellScriptBuildPhase section */

/* Begin PBXSourcesBuildPhase section */
		1A2CB1EB1F3910F70060FDEA /* Sources */ = {
			isa = PBXSourcesBuildPhase;
			buildActionMask = 2147483647;
			files = (
				3634B89D1F3C4D8100194774 /* FivthViewController.m in Sources */,
				1A2CB20E1F39183D0060FDEA /* NetworkTools.m in Sources */,
				3634B8941F3C4D6600194774 /* SecondViewController.m in Sources */,
				3634B87C1F3AD7B200194774 /* GenoryModel.m in Sources */,
				3634B8A31F3C4DAD00194774 /* SeventhViewController.m in Sources */,
				3634B8871F3AE96800194774 /* GenoryTableViewCell.m in Sources */,
				3634B8781F3AB46200194774 /* LoginViewController.m in Sources */,
				1A2CB1F71F3910F70060FDEA /* AppDelegate.m in Sources */,
				3634B89A1F3C4D7700194774 /* FourthViewController.m in Sources */,
				3634B8971F3C4D6D00194774 /* ThirdViewController.m in Sources */,
				3634B87F1F3AD7DA00194774 /* DetailModel.m in Sources */,
				1A2CB1F41F3910F70060FDEA /* main.m in Sources */,
				3634B8A01F3C4D9900194774 /* SixthViewController.m in Sources */,
				3634B8911F3C4D5E00194774 /* FirstViewController.m in Sources */,
				1A2CB2111F391A020060FDEA /* TextHighTools.m in Sources */,
				3634B88A1F3AF23A00194774 /* GlobalStaticValues.m in Sources */,
				3634B8831F3AE78800194774 /* HomeViewController.m in Sources */,
				3634B8A91F3C518600194774 /* HomeModel.m in Sources */,
				3634B88D1F3B0CC400194774 /* HOMEVC.m in Sources */,
			);
			runOnlyForDeploymentPostprocessing = 0;
		};
/* End PBXSourcesBuildPhase section */

/* Begin PBXVariantGroup section */
		1A2CB1FB1F3910F70060FDEA /* Main.storyboard */ = {
			isa = PBXVariantGroup;
			children = (
				1A2CB1FC1F3910F70060FDEA /* Base */,
			);
			name = Main.storyboard;
			sourceTree = "<group>";
		};
		1A2CB2001F3910F70060FDEA /* LaunchScreen.storyboard */ = {
			isa = PBXVariantGroup;
			children = (
				1A2CB2011F3910F70060FDEA /* Base */,
			);
			name = LaunchScreen.storyboard;
			sourceTree = "<group>";
		};
/* End PBXVariantGroup section */

/* Begin XCBuildConfiguration section */
		1A2CB2041F3910F70060FDEA /* Debug */ = {
			isa = XCBuildConfiguration;
			buildSettings = {
				ALWAYS_SEARCH_USER_PATHS = NO;
				CLANG_ANALYZER_NONNULL = YES;
				CLANG_ANALYZER_NUMBER_OBJECT_CONVERSION = YES_AGGRESSIVE;
				CLANG_CXX_LANGUAGE_STANDARD = "gnu++0x";
				CLANG_CXX_LIBRARY = "libc++";
				CLANG_ENABLE_MODULES = YES;
				CLANG_ENABLE_OBJC_ARC = YES;
				CLANG_WARN_BOOL_CONVERSION = YES;
				CLANG_WARN_CONSTANT_CONVERSION = YES;
				CLANG_WARN_DIRECT_OBJC_ISA_USAGE = YES_ERROR;
				CLANG_WARN_DOCUMENTATION_COMMENTS = YES;
				CLANG_WARN_EMPTY_BODY = YES;
				CLANG_WARN_ENUM_CONVERSION = YES;
				CLANG_WARN_INFINITE_RECURSION = YES;
				CLANG_WARN_INT_CONVERSION = YES;
				CLANG_WARN_OBJC_ROOT_CLASS = YES_ERROR;
				CLANG_WARN_SUSPICIOUS_MOVE = YES;
				CLANG_WARN_UNREACHABLE_CODE = YES;
				CLANG_WARN__DUPLICATE_METHOD_MATCH = YES;
				"CODE_SIGN_IDENTITY[sdk=iphoneos*]" = "iPhone Developer";
				COPY_PHASE_STRIP = NO;
				DEBUG_INFORMATION_FORMAT = dwarf;
				ENABLE_STRICT_OBJC_MSGSEND = YES;
				ENABLE_TESTABILITY = YES;
				GCC_C_LANGUAGE_STANDARD = gnu99;
				GCC_DYNAMIC_NO_PIC = NO;
				GCC_NO_COMMON_BLOCKS = YES;
				GCC_OPTIMIZATION_LEVEL = 0;
				GCC_PREPROCESSOR_DEFINITIONS = (
					"DEBUG=1",
					"$(inherited)",
				);
				GCC_WARN_64_TO_32_BIT_CONVERSION = YES;
				GCC_WARN_ABOUT_RETURN_TYPE = YES_ERROR;
				GCC_WARN_UNDECLARED_SELECTOR = YES;
				GCC_WARN_UNINITIALIZED_AUTOS = YES_AGGRESSIVE;
				GCC_WARN_UNUSED_FUNCTION = YES;
				GCC_WARN_UNUSED_VARIABLE = YES;
				IPHONEOS_DEPLOYMENT_TARGET = 10.3;
				MTL_ENABLE_DEBUG_INFO = YES;
				ONLY_ACTIVE_ARCH = YES;
				SDKROOT = iphoneos;
				TARGETED_DEVICE_FAMILY = "1,2";
			};
			name = Debug;
		};
		1A2CB2051F3910F70060FDEA /* Release */ = {
			isa = XCBuildConfiguration;
			buildSettings = {
				ALWAYS_SEARCH_USER_PATHS = NO;
				CLANG_ANALYZER_NONNULL = YES;
				CLANG_ANALYZER_NUMBER_OBJECT_CONVERSION = YES_AGGRESSIVE;
				CLANG_CXX_LANGUAGE_STANDARD = "gnu++0x";
				CLANG_CXX_LIBRARY = "libc++";
				CLANG_ENABLE_MODULES = YES;
				CLANG_ENABLE_OBJC_ARC = YES;
				CLANG_WARN_BOOL_CONVERSION = YES;
				CLANG_WARN_CONSTANT_CONVERSION = YES;
				CLANG_WARN_DIRECT_OBJC_ISA_USAGE = YES_ERROR;
				CLANG_WARN_DOCUMENTATION_COMMENTS = YES;
				CLANG_WARN_EMPTY_BODY = YES;
				CLANG_WARN_ENUM_CONVERSION = YES;
				CLANG_WARN_INFINITE_RECURSION = YES;
				CLANG_WARN_INT_CONVERSION = YES;
				CLANG_WARN_OBJC_ROOT_CLASS = YES_ERROR;
				CLANG_WARN_SUSPICIOUS_MOVE = YES;
				CLANG_WARN_UNREACHABLE_CODE = YES;
				CLANG_WARN__DUPLICATE_METHOD_MATCH = YES;
				"CODE_SIGN_IDENTITY[sdk=iphoneos*]" = "iPhone Developer";
				COPY_PHASE_STRIP = NO;
				DEBUG_INFORMATION_FORMAT = "dwarf-with-dsym";
				ENABLE_NS_ASSERTIONS = NO;
				ENABLE_STRICT_OBJC_MSGSEND = YES;
				GCC_C_LANGUAGE_STANDARD = gnu99;
				GCC_NO_COMMON_BLOCKS = YES;
				GCC_WARN_64_TO_32_BIT_CONVERSION = YES;
				GCC_WARN_ABOUT_RETURN_TYPE = YES_ERROR;
				GCC_WARN_UNDECLARED_SELECTOR = YES;
				GCC_WARN_UNINITIALIZED_AUTOS = YES_AGGRESSIVE;
				GCC_WARN_UNUSED_FUNCTION = YES;
				GCC_WARN_UNUSED_VARIABLE = YES;
				IPHONEOS_DEPLOYMENT_TARGET = 10.3;
				MTL_ENABLE_DEBUG_INFO = NO;
				SDKROOT = iphoneos;
				TARGETED_DEVICE_FAMILY = "1,2";
				VALIDATE_PRODUCT = YES;
			};
			name = Release;
		};
		1A2CB2071F3910F70060FDEA /* Debug */ = {
			isa = XCBuildConfiguration;
			baseConfigurationReference = DF1F6B27C9ED650A44363C9C /* Pods-allkindsImages.debug.xcconfig */;
			buildSettings = {
				ASSETCATALOG_COMPILER_APPICON_NAME = AppIcon;
				DEVELOPMENT_TEAM = W7MQ5T8GZP;
				GCC_PRECOMPILE_PREFIX_HEADER = YES;
				GCC_PREFIX_HEADER = "$(SRCROOT)/allkindsImages/PrefixHeader.pch";
				INFOPLIST_FILE = allkindsImages/Info.plist;
				LD_RUNPATH_SEARCH_PATHS = "$(inherited) @executable_path/Frameworks";
				PRODUCT_BUNDLE_IDENTIFIER = com.ljm.ynyx.allkindsImages;
				PRODUCT_NAME = "$(TARGET_NAME)";
			};
			name = Debug;
		};
		1A2CB2081F3910F70060FDEA /* Release */ = {
			isa = XCBuildConfiguration;
			baseConfigurationReference = B76107C554CEFD9DAE4C9F94 /* Pods-allkindsImages.release.xcconfig */;
			buildSettings = {
				ASSETCATALOG_COMPILER_APPICON_NAME = AppIcon;
				DEVELOPMENT_TEAM = W7MQ5T8GZP;
				GCC_PRECOMPILE_PREFIX_HEADER = YES;
				GCC_PREFIX_HEADER = "$(SRCROOT)/allkindsImages/PrefixHeader.pch";
				INFOPLIST_FILE = allkindsImages/Info.plist;
				LD_RUNPATH_SEARCH_PATHS = "$(inherited) @executable_path/Frameworks";
				PRODUCT_BUNDLE_IDENTIFIER = com.ljm.ynyx.allkindsImages;
				PRODUCT_NAME = "$(TARGET_NAME)";
			};
			name = Release;
		};
/* End XCBuildConfiguration section */

/* Begin XCConfigurationList section */
		1A2CB1EA1F3910F70060FDEA /* Build configuration list for PBXProject "allkindsImages" */ = {
			isa = XCConfigurationList;
			buildConfigurations = (
				1A2CB2041F3910F70060FDEA /* Debug */,
				1A2CB2051F3910F70060FDEA /* Release */,
			);
			defaultConfigurationIsVisible = 0;
			defaultConfigurationName = Release;
		};
		1A2CB2061F3910F70060FDEA /* Build configuration list for PBXNativeTarget "allkindsImages" */ = {
			isa = XCConfigurationList;
			buildConfigurations = (
				1A2CB2071F3910F70060FDEA /* Debug */,
				1A2CB2081F3910F70060FDEA /* Release */,
			);
			defaultConfigurationIsVisible = 0;
			defaultConfigurationName = Release;
		};
/* End XCConfigurationList section */
	};
	rootObject = 1A2CB1E71F3910F70060FDEA /* Project object */;
}
